
Microsoft Visual Studio Solution File, Format Version 12.00
# Visual Studio Version 16
VisualStudioVersion = 16.0.29503.13
MinimumVisualStudioVersion = 10.0.40219.1
Project("{FAE04EC0-301F-11D3-BF4B-00C04F79EFBC}") = "ForumDAW", "ForumDAW.csproj", "{E1D23560-FD17-4D4C-935E-C7830E516C72}"
EndProject
Global
	GlobalSection(SolutionConfigurationPlatforms) = preSolution
		Debug|Any CPU = Debug|Any CPU
		Release|Any CPU = Release|Any CPU
	EndGlobalSection
	GlobalSection(ProjectConfigurationPlatforms) = postSolution
		{E1D23560-FD17-4D4C-935E-C7830E516C72}.Debug|Any CPU.ActiveCfg = Debug|Any CPU
		{E1D23560-FD17-4D4C-935E-C7830E516C72}.Debug|Any CPU.Build.0 = Debug|Any CPU
		{E1D23560-FD17-4D4C-935E-C7830E516C72}.Release|Any CPU.ActiveCfg = Release|Any CPU
		{E1D23560-FD17-4D4C-935E-C7830E516C72}.Release|Any CPU.Build.0 = Release|Any CPU
	EndGlobalSection
	GlobalSection(SolutionProperties) = preSolution
		HideSolutionNode = FALSE
	EndGlobalSection
	GlobalSection(ExtensibilityGlobals) = postSolution
		SolutionGuid = {C9C43D21-FEF6-47B1-A0CE-AC3895F064B2}
	EndGlobalSection
EndGlobal
